{
  "name": "BanTinThiTruongNgay-BTTN-",
  "lockfileVersion": 3,
  "requires": true,
  "packages": {
    "": {
      "dependencies": {
        "@mathieuc/tradingview": "^4.0.0-rc.0"
      }
    },
    "node_modules/@mathieuc/tradingview": {
      "version": "4.0.0-rc.0",
      "resolved": "https://registry.npmjs.org/@mathieuc/tradingview/-/tradingview-4.0.0-rc.0.tgz",
      "integrity": "sha512-nagvKab5oV32CRLJPjiM1WXzYrEKyH38Lb2qtE6bH+TN/4PXt7rBU3zSYVt0g09KUPBg7w1RZZJ4ymoLgehSwQ==",
      "license": "ISC",
      "dependencies": {
        "ws": "^8.18.0"
      },
      "engines": {
        "node": ">=20.0.0"
      }
    },
    "node_modules/ws": {
      "version": "8.22.0",
      "resolved": "https://registry.npmjs.org/ws/-/ws-8.22.0.tgz",
      "integrity": "sha512-Ydggc987+RO0AnWtZ/7Wq9FtNvcrL1b/RO0ud9mWjUPgDrsAAwQSF51sm2hm1XofbU/4jkpGEsLFsZZxU+1DOg==",
      "license": "MIT",
      "engines": {
        "node": ">=10.0.0"
      },
      "peerDependencies": {
        "bufferutil": "^4.0.1",
        "utf-8-validate": ">=5.0.2"
      },
      "peerDependenciesMeta": {
        "bufferutil": {
          "optional": true
        },
        "utf-8-validate": {
          "optional": true
        }
      }
    }
  }
}
